
Microsoft Visual Studio Solution File, Format Version 12.00
# Visual Studio Version 17
VisualStudioVersion = 17.9.34714.143
MinimumVisualStudioVersion = 10.0.40219.1
Project("{FAE04EC0-301F-11D3-BF4B-00C04F79EFBC}") = "SystemVenture", "SystemVenture\SystemVenture.csproj", "{27509E7D-491D-4D3E-8B69-C6ACD9F402BD}"
EndProject
Global
	GlobalSection(SolutionConfigurationPlatforms) = preSolution
		Debug|Any CPU = Debug|Any CPU
		Release|Any CPU = Release|Any CPU
	EndGlobalSection
	GlobalSection(ProjectConfigurationPlatforms) = postSolution
		{27509E7D-491D-4D3E-8B69-C6ACD9F402BD}.Debug|Any CPU.ActiveCfg = Debug|Any CPU
		{27509E7D-491D-4D3E-8B69-C6ACD9F402BD}.Debug|Any CPU.Build.0 = Debug|Any CPU
		{27509E7D-491D-4D3E-8B69-C6ACD9F402BD}.Release|Any CPU.ActiveCfg = Release|Any CPU
		{27509E7D-491D-4D3E-8B69-C6ACD9F402BD}.Release|Any CPU.Build.0 = Release|Any CPU
	EndGlobalSection
	GlobalSection(SolutionProperties) = preSolution
		HideSolutionNode = FALSE
	EndGlobalSection
	GlobalSection(ExtensibilityGlobals) = postSolution
		SolutionGuid = {74E5883B-4CB4-42F8-9FAA-1F3F612367F4}
	EndGlobalSection
EndGlobal
